
Microsoft Visual Studio Solution File, Format Version 12.00
# Visual Studio Version 17
VisualStudioVersion = 17.5.33627.172
MinimumVisualStudioVersion = 10.0.40219.1
Project("{9A19103F-16F7-4668-BE54-9A1E7A4F7556}") = "BillWare.API", "BillWare\BillWare.API.csproj", "{5A88DDFB-DD33-4B83-8DA0-751747C2CD8E}"
EndProject
Project("{9A19103F-16F7-4668-BE54-9A1E7A4F7556}") = "BillWare.Application", "BillWare.Application\BillWare.Application.csproj", "{5238EDB0-14EB-4145-A7C9-0FCF1866A6DE}"
EndProject
Project("{9A19103F-16F7-4668-BE54-9A1E7A4F7556}") = "BillWare.Infrastructure", "BillWare.Infrastructure\BillWare.Infrastructure.csproj", "{E14BCC5D-7E5A-4DC7-9E7E-933F31DBD838}"
EndProject
Project("{FAE04EC0-301F-11D3-BF4B-00C04F79EFBC}") = "BillWare.Infrastructure.Security", "BillWare.Security\BillWare.Infrastructure.Security.csproj", "{307881D5-4492-468A-AECB-678734E21388}"
EndProject
Global
	GlobalSection(SolutionConfigurationPlatforms) = preSolution
		Debug|Any CPU = Debug|Any CPU
		Release|Any CPU = Release|Any CPU
	EndGlobalSection
	GlobalSection(ProjectConfigurationPlatforms) = postSolution
		{5A88DDFB-DD33-4B83-8DA0-751747C2CD8E}.Debug|Any CPU.ActiveCfg = Debug|Any CPU
		{5A88DDFB-DD33-4B83-8DA0-751747C2CD8E}.Debug|Any CPU.Build.0 = Debug|Any CPU
		{5A88DDFB-DD33-4B83-8DA0-751747C2CD8E}.Release|Any CPU.ActiveCfg = Release|Any CPU
		{5A88DDFB-DD33-4B83-8DA0-751747C2CD8E}.Release|Any CPU.Build.0 = Release|Any CPU
		{5238EDB0-14EB-4145-A7C9-0FCF1866A6DE}.Debug|Any CPU.ActiveCfg = Debug|Any CPU
		{5238EDB0-14EB-4145-A7C9-0FCF1866A6DE}.Debug|Any CPU.Build.0 = Debug|Any CPU
		{5238EDB0-14EB-4145-A7C9-0FCF1866A6DE}.Release|Any CPU.ActiveCfg = Release|Any CPU
		{5238EDB0-14EB-4145-A7C9-0FCF1866A6DE}.Release|Any CPU.Build.0 = Release|Any CPU
		{E14BCC5D-7E5A-4DC7-9E7E-933F31DBD838}.Debug|Any CPU.ActiveCfg = Debug|Any CPU
		{E14BCC5D-7E5A-4DC7-9E7E-933F31DBD838}.Debug|Any CPU.Build.0 = Debug|Any CPU
		{E14BCC5D-7E5A-4DC7-9E7E-933F31DBD838}.Release|Any CPU.ActiveCfg = Release|Any CPU
		{E14BCC5D-7E5A-4DC7-9E7E-933F31DBD838}.Release|Any CPU.Build.0 = Release|Any CPU
		{307881D5-4492-468A-AECB-678734E21388}.Debug|Any CPU.ActiveCfg = Debug|Any CPU
		{307881D5-4492-468A-AECB-678734E21388}.Debug|Any CPU.Build.0 = Debug|Any CPU
		{307881D5-4492-468A-AECB-678734E21388}.Release|Any CPU.ActiveCfg = Release|Any CPU
		{307881D5-4492-468A-AECB-678734E21388}.Release|Any CPU.Build.0 = Release|Any CPU
	EndGlobalSection
	GlobalSection(SolutionProperties) = preSolution
		HideSolutionNode = FALSE
	EndGlobalSection
	GlobalSection(ExtensibilityGlobals) = postSolution
		SolutionGuid = {462F9CC3-2F1B-4316-B147-379F8100F6A5}
	EndGlobalSection
EndGlobal
